
Microsoft Visual Studio Solution File, Format Version 12.00
# Visual Studio Version 17
VisualStudioVersion = 17.14.36511.14
MinimumVisualStudioVersion = 10.0.40219.1
Project("{FAE04EC0-301F-11D3-BF4B-00C04F79EFBC}") = "ItemDataLibrary", "ItemDataLibrary\ItemDataLibrary.csproj", "{F92D3081-A7CC-478D-A4C1-BF454A3A633F}"
EndProject
Project("{FAE04EC0-301F-11D3-BF4B-00C04F79EFBC}") = "ItemFormsUI", "ItemFormsUI\ItemFormsUI.csproj", "{A3DC158B-98B3-46FE-BFF2-80A650B49225}"
EndProject
Project("{FAE04EC0-301F-11D3-BF4B-00C04F79EFBC}") = "ItemAPI", "ItemAPI\ItemAPI.csproj", "{C4FF8B4A-D24D-4B2E-AEB7-36C56D46F7DD}"
EndProject
Global
	GlobalSection(SolutionConfigurationPlatforms) = preSolution
		Debug|Any CPU = Debug|Any CPU
		Release|Any CPU = Release|Any CPU
	EndGlobalSection
	GlobalSection(ProjectConfigurationPlatforms) = postSolution
		{F92D3081-A7CC-478D-A4C1-BF454A3A633F}.Debug|Any CPU.ActiveCfg = Debug|Any CPU
		{F92D3081-A7CC-478D-A4C1-BF454A3A633F}.Debug|Any CPU.Build.0 = Debug|Any CPU
		{F92D3081-A7CC-478D-A4C1-BF454A3A633F}.Release|Any CPU.ActiveCfg = Release|Any CPU
		{F92D3081-A7CC-478D-A4C1-BF454A3A633F}.Release|Any CPU.Build.0 = Release|Any CPU
		{A3DC158B-98B3-46FE-BFF2-80A650B49225}.Debug|Any CPU.ActiveCfg = Debug|Any CPU
		{A3DC158B-98B3-46FE-BFF2-80A650B49225}.Debug|Any CPU.Build.0 = Debug|Any CPU
		{A3DC158B-98B3-46FE-BFF2-80A650B49225}.Release|Any CPU.ActiveCfg = Release|Any CPU
		{A3DC158B-98B3-46FE-BFF2-80A650B49225}.Release|Any CPU.Build.0 = Release|Any CPU
		{C4FF8B4A-D24D-4B2E-AEB7-36C56D46F7DD}.Debug|Any CPU.ActiveCfg = Debug|Any CPU
		{C4FF8B4A-D24D-4B2E-AEB7-36C56D46F7DD}.Debug|Any CPU.Build.0 = Debug|Any CPU
		{C4FF8B4A-D24D-4B2E-AEB7-36C56D46F7DD}.Release|Any CPU.ActiveCfg = Release|Any CPU
		{C4FF8B4A-D24D-4B2E-AEB7-36C56D46F7DD}.Release|Any CPU.Build.0 = Release|Any CPU
	EndGlobalSection
	GlobalSection(SolutionProperties) = preSolution
		HideSolutionNode = FALSE
	EndGlobalSection
	GlobalSection(ExtensibilityGlobals) = postSolution
		SolutionGuid = {3103EC1B-309C-4013-9481-84A312A02ABD}
	EndGlobalSection
EndGlobal
